
Microsoft Visual Studio Solution File, Format Version 12.00
# Visual Studio Version 17
VisualStudioVersion = 17.14.36408.4 d17.14
MinimumVisualStudioVersion = 10.0.40219.1
Project("{FAE04EC0-301F-11D3-BF4B-00C04F79EFBC}") = "WindowsFormsApp11", "WindowsFormsApp11.csproj", "{4EE0A152-134C-4837-B2AB-C51E7B8022A7}"
EndProject
Global
	GlobalSection(SolutionConfigurationPlatforms) = preSolution
		Debug|Any CPU = Debug|Any CPU
		Release|Any CPU = Release|Any CPU
	EndGlobalSection
	GlobalSection(ProjectConfigurationPlatforms) = postSolution
		{4EE0A152-134C-4837-B2AB-C51E7B8022A7}.Debug|Any CPU.ActiveCfg = Debug|Any CPU
		{4EE0A152-134C-4837-B2AB-C51E7B8022A7}.Debug|Any CPU.Build.0 = Debug|Any CPU
		{4EE0A152-134C-4837-B2AB-C51E7B8022A7}.Release|Any CPU.ActiveCfg = Release|Any CPU
		{4EE0A152-134C-4837-B2AB-C51E7B8022A7}.Release|Any CPU.Build.0 = Release|Any CPU
	EndGlobalSection
	GlobalSection(SolutionProperties) = preSolution
		HideSolutionNode = FALSE
	EndGlobalSection
	GlobalSection(ExtensibilityGlobals) = postSolution
		SolutionGuid = {F0AF6073-879B-4372-821C-1BA13809F787}
	EndGlobalSection
EndGlobal
